
Microsoft Visual Studio Solution File, Format Version 12.00
# Visual Studio 15
VisualStudioVersion = 15.0.27703.2042
MinimumVisualStudioVersion = 10.0.40219.1
Project("{FAE04EC0-301F-11D3-BF4B-00C04F79EFBC}") = "Patterns_08", "Patterns_08.csproj", "{5CC0C10E-105A-4FFA-ABDF-5CA3590CC440}"
EndProject
Global
	GlobalSection(SolutionConfigurationPlatforms) = preSolution
		Debug|Any CPU = Debug|Any CPU
		Release|Any CPU = Release|Any CPU
	EndGlobalSection
	GlobalSection(ProjectConfigurationPlatforms) = postSolution
		{5CC0C10E-105A-4FFA-ABDF-5CA3590CC440}.Debug|Any CPU.ActiveCfg = Debug|Any CPU
		{5CC0C10E-105A-4FFA-ABDF-5CA3590CC440}.Debug|Any CPU.Build.0 = Debug|Any CPU
		{5CC0C10E-105A-4FFA-ABDF-5CA3590CC440}.Release|Any CPU.ActiveCfg = Release|Any CPU
		{5CC0C10E-105A-4FFA-ABDF-5CA3590CC440}.Release|Any CPU.Build.0 = Release|Any CPU
	EndGlobalSection
	GlobalSection(SolutionProperties) = preSolution
		HideSolutionNode = FALSE
	EndGlobalSection
	GlobalSection(ExtensibilityGlobals) = postSolution
		SolutionGuid = {0C337273-8E14-4C66-8D7F-A4A5DF226509}
	EndGlobalSection
EndGlobal
